Microsoft Visual Studio Solution File, Format Version 12.00
# Visual Studio Version 17
VisualStudioVersion = 17.0.0.0
MinimumVisualStudioVersion = 10.0.40219.1
Project("{F184B08F-C81C-45F6-A57F-5ABD9991F28F}") = "BomManagement.MDL", "BomManagement.MDL\BomManagement.MDL.vbproj", "{A1234567-1234-1234-1234-123456789001}"
EndProject
Project("{F184B08F-C81C-45F6-A57F-5ABD9991F28F}") = "BomManagement.PRM", "BomManagement.PRM\BomManagement.PRM.vbproj", "{A1234567-1234-1234-1234-123456789002}"
EndProject
Project("{F184B08F-C81C-45F6-A57F-5ABD9991F28F}") = "BomManagement.APP", "BomManagement.APP\BomManagement.APP.vbproj", "{A1234567-1234-1234-1234-123456789003}"
EndProject
Project("{FAE04EC0-301F-11D3-BF4B-00C04F79EFBC}") = "BomManagement.WEB", "BomManagement.WEB\BomManagement.WEB.csproj", "{A1234567-1234-1234-1234-123456789004}"
EndProject
Project("{F184B08F-C81C-45F6-A57F-5ABD9991F28F}") = "BomManagement.WINCL", "BomManagement.WINCL\BomManagement.WINCL.vbproj", "{F92D8E40-F8FC-B7C7-F89E-6E53003E88CA}"
EndProject
Global
	GlobalSection(SolutionConfigurationPlatforms) = preSolution
		Debug|Any CPU = Debug|Any CPU
		Release|Any CPU = Release|Any CPU
	EndGlobalSection
	GlobalSection(ProjectConfigurationPlatforms) = postSolution
		{A1234567-1234-1234-1234-123456789001}.Debug|Any CPU.ActiveCfg = Debug|Any CPU
		{A1234567-1234-1234-1234-123456789001}.Debug|Any CPU.Build.0 = Debug|Any CPU
		{A1234567-1234-1234-1234-123456789001}.Release|Any CPU.ActiveCfg = Release|Any CPU
		{A1234567-1234-1234-1234-123456789001}.Release|Any CPU.Build.0 = Release|Any CPU
		{A1234567-1234-1234-1234-123456789002}.Debug|Any CPU.ActiveCfg = Debug|Any CPU
		{A1234567-1234-1234-1234-123456789002}.Debug|Any CPU.Build.0 = Debug|Any CPU
		{A1234567-1234-1234-1234-123456789002}.Release|Any CPU.ActiveCfg = Release|Any CPU
		{A1234567-1234-1234-1234-123456789002}.Release|Any CPU.Build.0 = Release|Any CPU
		{A1234567-1234-1234-1234-123456789003}.Debug|Any CPU.ActiveCfg = Debug|Any CPU
		{A1234567-1234-1234-1234-123456789003}.Debug|Any CPU.Build.0 = Debug|Any CPU
		{A1234567-1234-1234-1234-123456789003}.Release|Any CPU.ActiveCfg = Release|Any CPU
		{A1234567-1234-1234-1234-123456789003}.Release|Any CPU.Build.0 = Release|Any CPU
		{A1234567-1234-1234-1234-123456789004}.Debug|Any CPU.ActiveCfg = Debug|Any CPU
		{A1234567-1234-1234-1234-123456789004}.Debug|Any CPU.Build.0 = Debug|Any CPU
		{A1234567-1234-1234-1234-123456789004}.Release|Any CPU.ActiveCfg = Release|Any CPU
		{A1234567-1234-1234-1234-123456789004}.Release|Any CPU.Build.0 = Release|Any CPU
		{F92D8E40-F8FC-B7C7-F89E-6E53003E88CA}.Debug|Any CPU.ActiveCfg = Debug|Any CPU
		{F92D8E40-F8FC-B7C7-F89E-6E53003E88CA}.Debug|Any CPU.Build.0 = Debug|Any CPU
		{F92D8E40-F8FC-B7C7-F89E-6E53003E88CA}.Release|Any CPU.ActiveCfg = Release|Any CPU
		{F92D8E40-F8FC-B7C7-F89E-6E53003E88CA}.Release|Any CPU.Build.0 = Release|Any CPU
	EndGlobalSection
	GlobalSection(SolutionProperties) = preSolution
		HideSolutionNode = FALSE
	EndGlobalSection
	GlobalSection(ExtensibilityGlobals) = postSolution
		SolutionGuid = {B1234567-1234-1234-1234-123456789000}
	EndGlobalSection
EndGlobal
